
Microsoft Visual Studio Solution File, Format Version 10.00
# Visual Studio 2008
Project("{FAE04EC0-301F-11D3-BF4B-00C04F79EFBC}") = "ProjektFIRMAv2", "ProjektFIRMAv2\ProjektFIRMAv2.csproj", "{ACFFC73A-909C-45C0-AF74-D8AAEAAD1A0C}"
EndProject
Project("{FAE04EC0-301F-11D3-BF4B-00C04F79EFBC}") = "ProjectTestFIRMA", "ProjectTestFIRMA\ProjectTestFIRMA.csproj", "{70F457F3-C6FD-41D5-80AD-16FF35A7118F}"
	ProjectSection(ProjectDependencies) = postProject
		{F8DAF979-92AA-48EF-BA79-786D53695EC3} = {F8DAF979-92AA-48EF-BA79-786D53695EC3}
	EndProjectSection
EndProject
Project("{2150E333-8FDC-42A3-9474-1A3956D46DE8}") = "Solution Items", "Solution Items", "{37FC1CA2-8011-464C-B08B-15D71232A3DE}"
	ProjectSection(SolutionItems) = preProject
		LocalTestRun.testrunconfig = LocalTestRun.testrunconfig
		ProjektFIRMAv2.vsmdi = ProjektFIRMAv2.vsmdi
		ProjektFIRMAv21.vsmdi = ProjektFIRMAv21.vsmdi
	EndProjectSection
EndProject
Project("{FAE04EC0-301F-11D3-BF4B-00C04F79EFBC}") = "ProjectAppFirma", "..\ProjectAppFirma\ProjectAppFirma\ProjectAppFirma.csproj", "{F8DAF979-92AA-48EF-BA79-786D53695EC3}"
EndProject
Global
	GlobalSection(TestCaseManagementSettings) = postSolution
		CategoryFile = ProjektFIRMAv21.vsmdi
	EndGlobalSection
	GlobalSection(SolutionConfigurationPlatforms) = preSolution
		Debug|Any CPU = Debug|Any CPU
		Release|Any CPU = Release|Any CPU
	EndGlobalSection
	GlobalSection(ProjectConfigurationPlatforms) = postSolution
		{ACFFC73A-909C-45C0-AF74-D8AAEAAD1A0C}.Debug|Any CPU.ActiveCfg = Debug|Any CPU
		{ACFFC73A-909C-45C0-AF74-D8AAEAAD1A0C}.Debug|Any CPU.Build.0 = Debug|Any CPU
		{ACFFC73A-909C-45C0-AF74-D8AAEAAD1A0C}.Debug|Any CPU.Deploy.0 = Debug|Any CPU
		{ACFFC73A-909C-45C0-AF74-D8AAEAAD1A0C}.Release|Any CPU.ActiveCfg = Release|Any CPU
		{ACFFC73A-909C-45C0-AF74-D8AAEAAD1A0C}.Release|Any CPU.Build.0 = Release|Any CPU
		{ACFFC73A-909C-45C0-AF74-D8AAEAAD1A0C}.Release|Any CPU.Deploy.0 = Release|Any CPU
		{70F457F3-C6FD-41D5-80AD-16FF35A7118F}.Debug|Any CPU.ActiveCfg = Debug|Any CPU
		{70F457F3-C6FD-41D5-80AD-16FF35A7118F}.Debug|Any CPU.Build.0 = Debug|Any CPU
		{70F457F3-C6FD-41D5-80AD-16FF35A7118F}.Release|Any CPU.ActiveCfg = Release|Any CPU
		{70F457F3-C6FD-41D5-80AD-16FF35A7118F}.Release|Any CPU.Build.0 = Release|Any CPU
		{F8DAF979-92AA-48EF-BA79-786D53695EC3}.Debug|Any CPU.ActiveCfg = Debug|Any CPU
		{F8DAF979-92AA-48EF-BA79-786D53695EC3}.Debug|Any CPU.Build.0 = Debug|Any CPU
		{F8DAF979-92AA-48EF-BA79-786D53695EC3}.Release|Any CPU.ActiveCfg = Release|Any CPU
		{F8DAF979-92AA-48EF-BA79-786D53695EC3}.Release|Any CPU.Build.0 = Release|Any CPU
	EndGlobalSection
	GlobalSection(SolutionProperties) = preSolution
		HideSolutionNode = FALSE
	EndGlobalSection
EndGlobal
